// !$*UTF8*$!
{
	archiveVersion = 1;
	classes = {
	};
	objectVersion = 56;
	objects = {

/* Begin PBXBuildFile section */
		6B127E902A37E1E300C550BA /* RectangleCard.swift in Sources */ = {isa = PBXBuildFile; fileRef = 6B127E8F2A37E1E300C550BA /* RectangleCard.swift */; };
		6B127E922A37E78800C550BA /* TestView.swift in Sources */ = {isa = PBXBuildFile; fileRef = 6B127E912A37E78800C550BA /* TestView.swift */; };
		6B127E942A3944FB00C550BA /* TestResultView.swift in Sources */ = {isa = PBXBuildFile; fileRef = 6B127E932A3944FB00C550BA /* TestResultView.swift */; };
		6B8E96012A3561E900788FCC /* LearningApp.swift in Sources */ = {isa = PBXBuildFile; fileRef = 6B8E96002A3561E900788FCC /* LearningApp.swift */; };
		6B8E96032A3561E900788FCC /* HomeView.swift in Sources */ = {isa = PBXBuildFile; fileRef = 6B8E96022A3561E900788FCC /* HomeView.swift */; };
		6B8E96052A3561EB00788FCC /* Assets.xcassets in Resources */ = {isa = PBXBuildFile; fileRef = 6B8E96042A3561EB00788FCC /* Assets.xcassets */; };
		6B8E96082A3561EB00788FCC /* Preview Assets.xcassets in Resources */ = {isa = PBXBuildFile; fileRef = 6B8E96072A3561EB00788FCC /* Preview Assets.xcassets */; };
		6B8E96142A3562AD00788FCC /* ContentModel.swift in Sources */ = {isa = PBXBuildFile; fileRef = 6B8E96132A3562AD00788FCC /* ContentModel.swift */; };
		6B8E96172A3566BC00788FCC /* data.json in Resources */ = {isa = PBXBuildFile; fileRef = 6B8E96152A3566BC00788FCC /* data.json */; };
		6B8E96182A3566BC00788FCC /* style.html in Resources */ = {isa = PBXBuildFile; fileRef = 6B8E96162A3566BC00788FCC /* style.html */; };
		6B8E961A2A3569B400788FCC /* Module.swift in Sources */ = {isa = PBXBuildFile; fileRef = 6B8E96192A3569B400788FCC /* Module.swift */; };
		6BE00EF62A37C1EC007E508E /* CodeTextView.swift in Sources */ = {isa = PBXBuildFile; fileRef = 6BE00EF52A37C1EC007E508E /* CodeTextView.swift */; };
		6BFF0CF62A3630D60071117A /* HomeViewRow.swift in Sources */ = {isa = PBXBuildFile; fileRef = 6BFF0CF52A3630D60071117A /* HomeViewRow.swift */; };
		6BFF0CF82A3636920071117A /* ContentView.swift in Sources */ = {isa = PBXBuildFile; fileRef = 6BFF0CF72A3636920071117A /* ContentView.swift */; };
		6BFF0CFA2A363E210071117A /* ContentViewRow.swift in Sources */ = {isa = PBXBuildFile; fileRef = 6BFF0CF92A363E210071117A /* ContentViewRow.swift */; };
		6BFF0CFC2A36415A0071117A /* ContentDetailView.swift in Sources */ = {isa = PBXBuildFile; fileRef = 6BFF0CFB2A36415A0071117A /* ContentDetailView.swift */; };
		6BFF0CFF2A36431F0071117A /* AVKit.framework in Frameworks */ = {isa = PBXBuildFile; fileRef = 6BFF0CFE2A36431F0071117A /* AVKit.framework */; };
		6BFF0D012A3646920071117A /* Constants.swift in Sources */ = {isa = PBXBuildFile; fileRef = 6BFF0D002A3646920071117A /* Constants.swift */; };
/* End PBXBuildFile section */

/* Begin PBXFileReference section */
		6B127E8F2A37E1E300C550BA /* RectangleCard.swift */ = {isa = PBXFileReference; lastKnownFileType = sourcecode.swift; path = RectangleCard.swift; sourceTree = "<group>"; };
		6B127E912A37E78800C550BA /* TestView.swift */ = {isa = PBXFileReference; lastKnownFileType = sourcecode.swift; path = TestView.swift; sourceTree = "<group>"; };
		6B127E932A3944FB00C550BA /* TestResultView.swift */ = {isa = PBXFileReference; lastKnownFileType = sourcecode.swift; path = TestResultView.swift; sourceTree = "<group>"; };
		6B8E95FD2A3561E900788FCC /* LearningApp.app */ = {isa = PBXFileReference; explicitFileType = wrapper.application; includeInIndex = 0; path = LearningApp.app; sourceTree = BUILT_PRODUCTS_DIR; };
		6B8E96002A3561E900788FCC /* LearningApp.swift */ = {isa = PBXFileReference; lastKnownFileType = sourcecode.swift; path = LearningApp.swift; sourceTree = "<group>"; };
		6B8E96022A3561E900788FCC /* HomeView.swift */ = {isa = PBXFileReference; lastKnownFileType = sourcecode.swift; path = HomeView.swift; sourceTree = "<group>"; };
		6B8E96042A3561EB00788FCC /* Assets.xcassets */ = {isa = PBXFileReference; lastKnownFileType = folder.assetcatalog; path = Assets.xcassets; sourceTree = "<group>"; };
		6B8E96072A3561EB00788FCC /* Preview Assets.xcassets */ = {isa = PBXFileReference; lastKnownFileType = folder.assetcatalog; path = "Preview Assets.xcassets"; sourceTree = "<group>"; };
		6B8E96132A3562AD00788FCC /* ContentModel.swift */ = {isa = PBXFileReference; lastKnownFileType = sourcecode.swift; path = ContentModel.swift; sourceTree = "<group>"; };
		6B8E96152A3566BC00788FCC /* data.json */ = {isa = PBXFileReference; fileEncoding = 4; lastKnownFileType = text.json; path = data.json; sourceTree = "<group>"; };
		6B8E96162A3566BC00788FCC /* style.html */ = {isa = PBXFileReference; fileEncoding = 4; lastKnownFileType = text.html; path = style.html; sourceTree = "<group>"; };
		6B8E96192A3569B400788FCC /* Module.swift */ = {isa = PBXFileReference; lastKnownFileType = sourcecode.swift; path = Module.swift; sourceTree = "<group>"; };
		6BE00EF52A37C1EC007E508E /* CodeTextView.swift */ = {isa = PBXFileReference; lastKnownFileType = sourcecode.swift; path = CodeTextView.swift; sourceTree = "<group>"; };
		6BFF0CF52A3630D60071117A /* HomeViewRow.swift */ = {isa = PBXFileReference; lastKnownFileType = sourcecode.swift; path = HomeViewRow.swift; sourceTree = "<group>"; };
		6BFF0CF72A3636920071117A /* ContentView.swift */ = {isa = PBXFileReference; lastKnownFileType = sourcecode.swift; path = ContentView.swift; sourceTree = "<group>"; };
		6BFF0CF92A363E210071117A /* ContentViewRow.swift */ = {isa = PBXFileReference; lastKnownFileType = sourcecode.swift; path = ContentViewRow.swift; sourceTree = "<group>"; };
		6BFF0CFB2A36415A0071117A /* ContentDetailView.swift */ = {isa = PBXFileReference; lastKnownFileType = sourcecode.swift; path = ContentDetailView.swift; sourceTree = "<group>"; };
		6BFF0CFE2A36431F0071117A /* AVKit.framework */ = {isa = PBXFileReference; lastKnownFileType = wrapper.framework; name = AVKit.framework; path = System/Library/Frameworks/AVKit.framework; sourceTree = SDKROOT; };
		6BFF0D002A3646920071117A /* Constants.swift */ = {isa = PBXFileReference; lastKnownFileType = sourcecode.swift; path = Constants.swift; sourceTree = "<group>"; };
/* End PBXFileReference section */

/* Begin PBXFrameworksBuildPhase section */
		6B8E95FA2A3561E900788FCC /* Frameworks */ = {
			isa = PBXFrameworksBuildPhase;
			buildActionMask = 2147483647;
			files = (
				6BFF0CFF2A36431F0071117A /* AVKit.framework in Frameworks */,
			);
			runOnlyForDeploymentPostprocessing = 0;
		};
/* End PBXFrameworksBuildPhase section */

/* Begin PBXGroup section */
		6B8E95F42A3561E900788FCC = {
			isa = PBXGroup;
			children = (
				6B8E95FF2A3561E900788FCC /* LearningApp */,
				6B8E95FE2A3561E900788FCC /* Products */,
				6BFF0CFD2A36431F0071117A /* Frameworks */,
			);
			sourceTree = "<group>";
		};
		6B8E95FE2A3561E900788FCC /* Products */ = {
			isa = PBXGroup;
			children = (
				6B8E95FD2A3561E900788FCC /* LearningApp.app */,
			);
			name = Products;
			sourceTree = "<group>";
		};
		6B8E95FF2A3561E900788FCC /* LearningApp */ = {
			isa = PBXGroup;
			children = (
				6B8E96002A3561E900788FCC /* LearningApp.swift */,
				6B8E960E2A35623D00788FCC /* Views */,
				6B8E960F2A35624100788FCC /* ViewModels */,
				6B8E96112A35625100788FCC /* Models */,
				6B8E96102A35624800788FCC /* Resources */,
				6B8E96122A35625A00788FCC /* Helpers */,
				6B8E96042A3561EB00788FCC /* Assets.xcassets */,
				6B8E96062A3561EB00788FCC /* Preview Content */,
			);
			path = LearningApp;
			sourceTree = "<group>";
		};
		6B8E96062A3561EB00788FCC /* Preview Content */ = {
			isa = PBXGroup;
			children = (
				6B8E96072A3561EB00788FCC /* Preview Assets.xcassets */,
			);
			path = "Preview Content";
			sourceTree = "<group>";
		};
		6B8E960E2A35623D00788FCC /* Views */ = {
			isa = PBXGroup;
			children = (
				6B8E96022A3561E900788FCC /* HomeView.swift */,
				6BFF0CF52A3630D60071117A /* HomeViewRow.swift */,
				6BFF0CF72A3636920071117A /* ContentView.swift */,
				6BFF0CF92A363E210071117A /* ContentViewRow.swift */,
				6BFF0CFB2A36415A0071117A /* ContentDetailView.swift */,
				6B127E912A37E78800C550BA /* TestView.swift */,
				6B127E932A3944FB00C550BA /* TestResultView.swift */,
				6BE00EF52A37C1EC007E508E /* CodeTextView.swift */,
				6B127E8F2A37E1E300C550BA /* RectangleCard.swift */,
			);
			path = Views;
			sourceTree = "<group>";
		};
		6B8E960F2A35624100788FCC /* ViewModels */ = {
			isa = PBXGroup;
			children = (
				6B8E96132A3562AD00788FCC /* ContentModel.swift */,
			);
			path = ViewModels;
			sourceTree = "<group>";
		};
		6B8E96102A35624800788FCC /* Resources */ = {
			isa = PBXGroup;
			children = (
				6B8E96152A3566BC00788FCC /* data.json */,
				6B8E96162A3566BC00788FCC /* style.html */,
				6BFF0D002A3646920071117A /* Constants.swift */,
			);
			path = Resources;
			sourceTree = "<group>";
		};
		6B8E96112A35625100788FCC /* Models */ = {
			isa = PBXGroup;
			children = (
				6B8E96192A3569B400788FCC /* Module.swift */,
			);
			path = Models;
			sourceTree = "<group>";
		};
		6B8E96122A35625A00788FCC /* Helpers */ = {
			isa = PBXGroup;
			children = (
			);
			path = Helpers;
			sourceTree = "<group>";
		};
		6BFF0CFD2A36431F0071117A /* Frameworks */ = {
			isa = PBXGroup;
			children = (
				6BFF0CFE2A36431F0071117A /* AVKit.framework */,
			);
			name = Frameworks;
			sourceTree = "<group>";
		};
/* End PBXGroup section */

/* Begin PBXNativeTarget section */
		6B8E95FC2A3561E900788FCC /* LearningApp */ = {
			isa = PBXNativeTarget;
			buildConfigurationList = 6B8E960B2A3561EB00788FCC /* Build configuration list for PBXNativeTarget "LearningApp" */;
			buildPhases = (
				6B8E95F92A3561E900788FCC /* Sources */,
				6B8E95FA2A3561E900788FCC /* Frameworks */,
				6B8E95FB2A3561E900788FCC /* Resources */,
			);
			buildRules = (
			);
			dependencies = (
			);
			name = LearningApp;
			productName = LearningApp;
			productReference = 6B8E95FD2A3561E900788FCC /* LearningApp.app */;
			productType = "com.apple.product-type.application";
		};
/* End PBXNativeTarget section */

/* Begin PBXProject section */
		6B8E95F52A3561E900788FCC /* Project object */ = {
			isa = PBXProject;
			attributes = {
				BuildIndependentTargetsInParallel = 1;
				LastSwiftUpdateCheck = 1430;
				LastUpgradeCheck = 1430;
				TargetAttributes = {
					6B8E95FC2A3561E900788FCC = {
						CreatedOnToolsVersion = 14.3.1;
					};
				};
			};
			buildConfigurationList = 6B8E95F82A3561E900788FCC /* Build configuration list for PBXProject "LearningApp" */;
			compatibilityVersion = "Xcode 14.0";
			developmentRegion = en;
			hasScannedForEncodings = 0;
			knownRegions = (
				en,
				Base,
			);
			mainGroup = 6B8E95F42A3561E900788FCC;
			productRefGroup = 6B8E95FE2A3561E900788FCC /* Products */;
			projectDirPath = "";
			projectRoot = "";
			targets = (
				6B8E95FC2A3561E900788FCC /* LearningApp */,
			);
		};
/* End PBXProject section */

/* Begin PBXResourcesBuildPhase section */
		6B8E95FB2A3561E900788FCC /* Resources */ = {
			isa = PBXResourcesBuildPhase;
			buildActionMask = 2147483647;
			files = (
				6B8E96082A3561EB00788FCC /* Preview Assets.xcassets in Resources */,
				6B8E96172A3566BC00788FCC /* data.json in Resources */,
				6B8E96182A3566BC00788FCC /* style.html in Resources */,
				6B8E96052A3561EB00788FCC /* Assets.xcassets in Resources */,
			);
			runOnlyForDeploymentPostprocessing = 0;
		};
/* End PBXResourcesBuildPhase section */

/* Begin PBXSourcesBuildPhase section */
		6B8E95F92A3561E900788FCC /* Sources */ = {
			isa = PBXSourcesBuildPhase;
			buildActionMask = 2147483647;
			files = (
				6B127E922A37E78800C550BA /* TestView.swift in Sources */,
				6B127E942A3944FB00C550BA /* TestResultView.swift in Sources */,
				6B8E96032A3561E900788FCC /* HomeView.swift in Sources */,
				6BFF0CF62A3630D60071117A /* HomeViewRow.swift in Sources */,
				6BFF0CF82A3636920071117A /* ContentView.swift in Sources */,
				6BFF0CFC2A36415A0071117A /* ContentDetailView.swift in Sources */,
				6B8E961A2A3569B400788FCC /* Module.swift in Sources */,
				6BFF0CFA2A363E210071117A /* ContentViewRow.swift in Sources */,
				6BE00EF62A37C1EC007E508E /* CodeTextView.swift in Sources */,
				6B8E96012A3561E900788FCC /* LearningApp.swift in Sources */,
				6B8E96142A3562AD00788FCC /* ContentModel.swift in Sources */,
				6B127E902A37E1E300C550BA /* RectangleCard.swift in Sources */,
				6BFF0D012A3646920071117A /* Constants.swift in Sources */,
			);
			runOnlyForDeploymentPostprocessing = 0;
		};
/* End PBXSourcesBuildPhase section */

/* Begin XCBuildConfiguration section */
		6B8E96092A3561EB00788FCC /* Debug */ = {
			isa = XCBuildConfiguration;
			buildSettings = {
				ALWAYS_SEARCH_USER_PATHS = NO;
				CLANG_ANALYZER_NONNULL = YES;
				CLANG_ANALYZER_NUMBER_OBJECT_CONVERSION = YES_AGGRESSIVE;
				CLANG_CXX_LANGUAGE_STANDARD = "gnu++20";
				CLANG_ENABLE_MODULES = YES;
				CLANG_ENABLE_OBJC_ARC = YES;
				CLANG_ENABLE_OBJC_WEAK = YES;
				CLANG_WARN_BLOCK_CAPTURE_AUTORELEASING = YES;
				CLANG_WARN_BOOL_CONVERSION = YES;
				CLANG_WARN_COMMA = YES;
				CLANG_WARN_CONSTANT_CONVERSION = YES;
				CLANG_WARN_DEPRECATED_OBJC_IMPLEMENTATIONS = YES;
				CLANG_WARN_DIRECT_OBJC_ISA_USAGE = YES_ERROR;
				CLANG_WARN_DOCUMENTATION_COMMENTS = YES;
				CLANG_WARN_EMPTY_BODY = YES;
				CLANG_WARN_ENUM_CONVERSION = YES;
				CLANG_WARN_INFINITE_RECURSION = YES;
				CLANG_WARN_INT_CONVERSION = YES;
				CLANG_WARN_NON_LITERAL_NULL_CONVERSION = YES;
				CLANG_WARN_OBJC_IMPLICIT_RETAIN_SELF = YES;
				CLANG_WARN_OBJC_LITERAL_CONVERSION = YES;
				CLANG_WARN_OBJC_ROOT_CLASS = YES_ERROR;
				CLANG_WARN_QUOTED_INCLUDE_IN_FRAMEWORK_HEADER = YES;
				CLANG_WARN_RANGE_LOOP_ANALYSIS = YES;
				CLANG_WARN_STRICT_PROTOTYPES = YES;
				CLANG_WARN_SUSPICIOUS_MOVE = YES;
				CLANG_WARN_UNGUARDED_AVAILABILITY = YES_AGGRESSIVE;
				CLANG_WARN_UNREACHABLE_CODE = YES;
				CLANG_WARN__DUPLICATE_METHOD_MATCH = YES;
				COPY_PHASE_STRIP = NO;
				DEBUG_INFORMATION_FORMAT = dwarf;
				ENABLE_STRICT_OBJC_MSGSEND = YES;
				ENABLE_TESTABILITY = YES;
				GCC_C_LANGUAGE_STANDARD = gnu11;
				GCC_DYNAMIC_NO_PIC = NO;
				GCC_NO_COMMON_BLOCKS = YES;
				GCC_OPTIMIZATION_LEVEL = 0;
				GCC_PREPROCESSOR_DEFINITIONS = (
					"DEBUG=1",
					"$(inherited)",
				);
				GCC_WARN_64_TO_32_BIT_CONVERSION = YES;
				GCC_WARN_ABOUT_RETURN_TYPE = YES_ERROR;
				GCC_WARN_UNDECLARED_SELECTOR = YES;
				GCC_WARN_UNINITIALIZED_AUTOS = YES_AGGRESSIVE;
				GCC_WARN_UNUSED_FUNCTION = YES;
				GCC_WARN_UNUSED_VARIABLE = YES;
				IPHONEOS_DEPLOYMENT_TARGET = 16.4;
				MTL_ENABLE_DEBUG_INFO = INCLUDE_SOURCE;
				MTL_FAST_MATH = YES;
				ONLY_ACTIVE_ARCH = YES;
				SDKROOT = iphoneos;
				SWIFT_ACTIVE_COMPILATION_CONDITIONS = DEBUG;
				SWIFT_OPTIMIZATION_LEVEL = "-Onone";
			};
			name = Debug;
		};
		6B8E960A2A3561EB00788FCC /* Release */ = {
			isa = XCBuildConfiguration;
			buildSettings = {
				ALWAYS_SEARCH_USER_PATHS = NO;
				CLANG_ANALYZER_NONNULL = YES;
				CLANG_ANALYZER_NUMBER_OBJECT_CONVERSION = YES_AGGRESSIVE;
				CLANG_CXX_LANGUAGE_STANDARD = "gnu++20";
				CLANG_ENABLE_MODULES = YES;
				CLANG_ENABLE_OBJC_ARC = YES;
				CLANG_ENABLE_OBJC_WEAK = YES;
				CLANG_WARN_BLOCK_CAPTURE_AUTORELEASING = YES;
				CLANG_WARN_BOOL_CONVERSION = YES;
				CLANG_WARN_COMMA = YES;
				CLANG_WARN_CONSTANT_CONVERSION = YES;
				CLANG_WARN_DEPRECATED_OBJC_IMPLEMENTATIONS = YES;
				CLANG_WARN_DIRECT_OBJC_ISA_USAGE = YES_ERROR;
				CLANG_WARN_DOCUMENTATION_COMMENTS = YES;
				CLANG_WARN_EMPTY_BODY = YES;
				CLANG_WARN_ENUM_CONVERSION = YES;
				CLANG_WARN_INFINITE_RECURSION = YES;
				CLANG_WARN_INT_CONVERSION = YES;
				CLANG_WARN_NON_LITERAL_NULL_CONVERSION = YES;
				CLANG_WARN_OBJC_IMPLICIT_RETAIN_SELF = YES;
				CLANG_WARN_OBJC_LITERAL_CONVERSION = YES;
				CLANG_WARN_OBJC_ROOT_CLASS = YES_ERROR;
				CLANG_WARN_QUOTED_INCLUDE_IN_FRAMEWORK_HEADER = YES;
				CLANG_WARN_RANGE_LOOP_ANALYSIS = YES;
				CLANG_WARN_STRICT_PROTOTYPES = YES;
				CLANG_WARN_SUSPICIOUS_MOVE = YES;
				CLANG_WARN_UNGUARDED_AVAILABILITY = YES_AGGRESSIVE;
				CLANG_WARN_UNREACHABLE_CODE = YES;
				CLANG_WARN__DUPLICATE_METHOD_MATCH = YES;
				COPY_PHASE_STRIP = NO;
				DEBUG_INFORMATION_FORMAT = "dwarf-with-dsym";
				ENABLE_NS_ASSERTIONS = NO;
				ENABLE_STRICT_OBJC_MSGSEND = YES;
				GCC_C_LANGUAGE_STANDARD = gnu11;
				GCC_NO_COMMON_BLOCKS = YES;
				GCC_WARN_64_TO_32_BIT_CONVERSION = YES;
				GCC_WARN_ABOUT_RETURN_TYPE = YES_ERROR;
				GCC_WARN_UNDECLARED_SELECTOR = YES;
				GCC_WARN_UNINITIALIZED_AUTOS = YES_AGGRESSIVE;
				GCC_WARN_UNUSED_FUNCTION = YES;
				GCC_WARN_UNUSED_VARIABLE = YES;
				IPHONEOS_DEPLOYMENT_TARGET = 16.4;
				MTL_ENABLE_DEBUG_INFO = NO;
				MTL_FAST_MATH = YES;
				SDKROOT = iphoneos;
				SWIFT_COMPILATION_MODE = wholemodule;
				SWIFT_OPTIMIZATION_LEVEL = "-O";
				VALIDATE_PRODUCT = YES;
			};
			name = Release;
		};
		6B8E960C2A3561EB00788FCC /* Debug */ = {
			isa = XCBuildConfiguration;
			buildSettings = {
				ASSETCATALOG_COMPILER_APPICON_NAME = AppIcon;
				ASSETCATALOG_COMPILER_GLOBAL_ACCENT_COLOR_NAME = AccentColor;
				CODE_SIGN_STYLE = Automatic;
				CURRENT_PROJECT_VERSION = 1;
				DEVELOPMENT_ASSET_PATHS = "\"LearningApp/Preview Content\"";
				DEVELOPMENT_TEAM = T2N8K868AL;
				ENABLE_PREVIEWS = YES;
				GENERATE_INFOPLIST_FILE = YES;
				INFOPLIST_KEY_UIApplicationSceneManifest_Generation = YES;
				INFOPLIST_KEY_UIApplicationSupportsIndirectInputEvents = YES;
				INFOPLIST_KEY_UILaunchScreen_Generation = YES;
				INFOPLIST_KEY_UISupportedInterfaceOrientations_iPad = "UIInterfaceOrientationPortrait UIInterfaceOrientationPortraitUpsideDown UIInterfaceOrientationLandscapeLeft UIInterfaceOrientationLandscapeRight";
				INFOPLIST_KEY_UISupportedInterfaceOrientations_iPhone = "UIInterfaceOrientationPortrait UIInterfaceOrientationLandscapeLeft UIInterfaceOrientationLandscapeRight";
				LD_RUNPATH_SEARCH_PATHS = (
					"$(inherited)",
					"@executable_path/Frameworks",
				);
				MARKETING_VERSION = 1.0;
				PRODUCT_BUNDLE_IDENTIFIER = com.AdamRess.LearningApp;
				PRODUCT_NAME = "$(TARGET_NAME)";
				SWIFT_EMIT_LOC_STRINGS = YES;
				SWIFT_VERSION = 5.0;
				TARGETED_DEVICE_FAMILY = "1,2";
			};
			name = Debug;
		};
		6B8E960D2A3561EB00788FCC /* Release */ = {
			isa = XCBuildConfiguration;
			buildSettings = {
				ASSETCATALOG_COMPILER_APPICON_NAME = AppIcon;
				ASSETCATALOG_COMPILER_GLOBAL_ACCENT_COLOR_NAME = AccentColor;
				CODE_SIGN_STYLE = Automatic;
				CURRENT_PROJECT_VERSION = 1;
				DEVELOPMENT_ASSET_PATHS = "\"LearningApp/Preview Content\"";
				DEVELOPMENT_TEAM = T2N8K868AL;
				ENABLE_PREVIEWS = YES;
				GENERATE_INFOPLIST_FILE = YES;
				INFOPLIST_KEY_UIApplicationSceneManifest_Generation = YES;
				INFOPLIST_KEY_UIApplicationSupportsIndirectInputEvents = YES;
				INFOPLIST_KEY_UILaunchScreen_Generation = YES;
				INFOPLIST_KEY_UISupportedInterfaceOrientations_iPad = "UIInterfaceOrientationPortrait UIInterfaceOrientationPortraitUpsideDown UIInterfaceOrientationLandscapeLeft UIInterfaceOrientationLandscapeRight";
				INFOPLIST_KEY_UISupportedInterfaceOrientations_iPhone = "UIInterfaceOrientationPortrait UIInterfaceOrientationLandscapeLeft UIInterfaceOrientationLandscapeRight";
				LD_RUNPATH_SEARCH_PATHS = (
					"$(inherited)",
					"@executable_path/Frameworks",
				);
				MARKETING_VERSION = 1.0;
				PRODUCT_BUNDLE_IDENTIFIER = com.AdamRess.LearningApp;
				PRODUCT_NAME = "$(TARGET_NAME)";
				SWIFT_EMIT_LOC_STRINGS = YES;
				SWIFT_VERSION = 5.0;
				TARGETED_DEVICE_FAMILY = "1,2";
			};
			name = Release;
		};
/* End XCBuildConfiguration section */

/* Begin XCConfigurationList section */
		6B8E95F82A3561E900788FCC /* Build configuration list for PBXProject "LearningApp" */ = {
			isa = XCConfigurationList;
			buildConfigurations = (
				6B8E96092A3561EB00788FCC /* Debug */,
				6B8E960A2A3561EB00788FCC /* Release */,
			);
			defaultConfigurationIsVisible = 0;
			defaultConfigurationName = Release;
		};
		6B8E960B2A3561EB00788FCC /* Build configuration list for PBXNativeTarget "LearningApp" */ = {
			isa = XCConfigurationList;
			buildConfigurations = (
				6B8E960C2A3561EB00788FCC /* Debug */,
				6B8E960D2A3561EB00788FCC /* Release */,
			);
			defaultConfigurationIsVisible = 0;
			defaultConfigurationName = Release;
		};
/* End XCConfigurationList section */
	};
	rootObject = 6B8E95F52A3561E900788FCC /* Project object */;
}
